// !$*UTF8*$!
{
	archiveVersion = 1;
	classes = {
	};
	objectVersion = 46;
	objects = {

/* Begin PBXBuildFile section */
		0C14C1F119D3512400197D4A /* TempsTableViewController.m in Sources */ = {isa = PBXBuildFile; fileRef = 0C14C1F019D3512400197D4A /* TempsTableViewController.m */; };
		0C14C1FA19D4750D00197D4A /* Foundation.framework in Frameworks */ = {isa = PBXBuildFile; fileRef = 0C14C1F919D4750D00197D4A /* Foundation.framework */; };
		0C14C23D19D598D400197D4A /* MZFormSheetBackgroundWindow.m in Sources */ = {isa = PBXBuildFile; fileRef = 0C14C22F19D598D400197D4A /* MZFormSheetBackgroundWindow.m */; };
		0C14C23E19D598D400197D4A /* MZFormSheetBackgroundWindowViewController.m in Sources */ = {isa = PBXBuildFile; fileRef = 0C14C23119D598D400197D4A /* MZFormSheetBackgroundWindowViewController.m */; };
		0C14C23F19D598D400197D4A /* MZFormSheetController.m in Sources */ = {isa = PBXBuildFile; fileRef = 0C14C23319D598D400197D4A /* MZFormSheetController.m */; };
		0C14C24019D598D400197D4A /* MZFormSheetSegue.m in Sources */ = {isa = PBXBuildFile; fileRef = 0C14C23519D598D400197D4A /* MZFormSheetSegue.m */; };
		0C14C24219D598D400197D4A /* UIImage+Additional.m in Sources */ = {isa = PBXBuildFile; fileRef = 0C14C23A19D598D400197D4A /* UIImage+Additional.m */; };
		0C14C24319D598D400197D4A /* UIViewController+TargetViewController.m in Sources */ = {isa = PBXBuildFile; fileRef = 0C14C23C19D598D400197D4A /* UIViewController+TargetViewController.m */; };
		0C14C24919D5991300197D4A /* MZAppearance.m in Sources */ = {isa = PBXBuildFile; fileRef = 0C14C24619D5991300197D4A /* MZAppearance.m */; };
		0C14C24A19D5991300197D4A /* NSInvocation+Copy.m in Sources */ = {isa = PBXBuildFile; fileRef = 0C14C24819D5991300197D4A /* NSInvocation+Copy.m */; };
		0C14C24C19D5993D00197D4A /* CoreGraphics.framework in Frameworks */ = {isa = PBXBuildFile; fileRef = 0C14C24B19D5993D00197D4A /* CoreGraphics.framework */; };
		0C14C25119D59DF600197D4A /* Accelerate.framework in Frameworks */ = {isa = PBXBuildFile; fileRef = 0C14C25019D59DF600197D4A /* Accelerate.framework */; };
		0C14C2AB19D5A2EB00197D4A /* MZTransition.m in Sources */ = {isa = PBXBuildFile; fileRef = 0C14C2AA19D5A2EB00197D4A /* MZTransition.m */; };
		0C14C2AE19D5A3D600197D4A /* MonumentsTimeTableViewController.m in Sources */ = {isa = PBXBuildFile; fileRef = 0C14C2AD19D5A3D600197D4A /* MonumentsTimeTableViewController.m */; };
		0C7BDBA519CC79E1001C2907 /* main.m in Sources */ = {isa = PBXBuildFile; fileRef = 0C7BDBA419CC79E1001C2907 /* main.m */; };
		0C7BDBA819CC79E1001C2907 /* AppDelegate.m in Sources */ = {isa = PBXBuildFile; fileRef = 0C7BDBA719CC79E1001C2907 /* AppDelegate.m */; };
		0C7BDBAB19CC79E1001C2907 /* ViewController.m in Sources */ = {isa = PBXBuildFile; fileRef = 0C7BDBAA19CC79E1001C2907 /* ViewController.m */; };
		0C7BDBAE19CC79E1001C2907 /* Main.storyboard in Resources */ = {isa = PBXBuildFile; fileRef = 0C7BDBAC19CC79E1001C2907 /* Main.storyboard */; };
		0C7BDBB019CC79E1001C2907 /* Images.xcassets in Resources */ = {isa = PBXBuildFile; fileRef = 0C7BDBAF19CC79E1001C2907 /* Images.xcassets */; };
		0C7BDBB319CC79E1001C2907 /* LaunchScreen.xib in Resources */ = {isa = PBXBuildFile; fileRef = 0C7BDBB119CC79E1001C2907 /* LaunchScreen.xib */; };
		0C7BDBBF19CC79E1001C2907 /* TarracopassTests.m in Sources */ = {isa = PBXBuildFile; fileRef = 0C7BDBBE19CC79E1001C2907 /* TarracopassTests.m */; };
		0C7BDBE119CC84EE001C2907 /* MonumentsTableViewController.m in Sources */ = {isa = PBXBuildFile; fileRef = 0C7BDBE019CC84EE001C2907 /* MonumentsTableViewController.m */; };
		0C7BDBE719CC8655001C2907 /* Monuments.plist in Resources */ = {isa = PBXBuildFile; fileRef = 0C7BDBE619CC8655001C2907 /* Monuments.plist */; };
		0CAE041319CCC93000CD9CB0 /* JPBFloatingTextViewController.m in Sources */ = {isa = PBXBuildFile; fileRef = 0CAE040D19CCC93000CD9CB0 /* JPBFloatingTextViewController.m */; };
		0CAE041419CCC93000CD9CB0 /* JPBParallaxBlurViewController.m in Sources */ = {isa = PBXBuildFile; fileRef = 0CAE040F19CCC93000CD9CB0 /* JPBParallaxBlurViewController.m */; };
		0CAE041919CCC99500CD9CB0 /* FXBlurView.m in Sources */ = {isa = PBXBuildFile; fileRef = 0CAE041819CCC99500CD9CB0 /* FXBlurView.m */; };
		0CAE041C19CCE16100CD9CB0 /* JPBParallaxTableViewController.m in Sources */ = {isa = PBXBuildFile; fileRef = 0CAE041B19CCE16100CD9CB0 /* JPBParallaxTableViewController.m */; };
		0CAE041E19CDB2F200CD9CB0 /* Social.framework in Frameworks */ = {isa = PBXBuildFile; fileRef = 0CAE041D19CDB2F200CD9CB0 /* Social.framework */; };
		0CAE063019CDC4D600CD9CB0 /* QuartzCore.framework in Frameworks */ = {isa = PBXBuildFile; fileRef = 0CAE062F19CDC4D600CD9CB0 /* QuartzCore.framework */; };
		0CAE077219D09BCA00CD9CB0 /* Icons.xcassets in Resources */ = {isa = PBXBuildFile; fileRef = 0CAE077119D09BCA00CD9CB0 /* Icons.xcassets */; };
		0CAE077919D09E3B00CD9CB0 /* MonumentsMapViewController.m in Sources */ = {isa = PBXBuildFile; fileRef = 0CAE077819D09E3B00CD9CB0 /* MonumentsMapViewController.m */; };
		0CAE08F019D0D4E400CD9CB0 /* SVProgressHUD.bundle in Resources */ = {isa = PBXBuildFile; fileRef = 0CAE08ED19D0D4E400CD9CB0 /* SVProgressHUD.bundle */; };
		0CAE08F119D0D4E400CD9CB0 /* SVProgressHUD.m in Sources */ = {isa = PBXBuildFile; fileRef = 0CAE08EF19D0D4E400CD9CB0 /* SVProgressHUD.m */; };
		0CAE08F619D1B98800CD9CB0 /* TransportDetailViewController.m in Sources */ = {isa = PBXBuildFile; fileRef = 0CAE08F319D1B98800CD9CB0 /* TransportDetailViewController.m */; };
		0CAE08F719D1B98800CD9CB0 /* TransportPoint.m in Sources */ = {isa = PBXBuildFile; fileRef = 0CAE08F519D1B98800CD9CB0 /* TransportPoint.m */; };
		0CAE08FA19D1BA2200CD9CB0 /* TransportViewController.m in Sources */ = {isa = PBXBuildFile; fileRef = 0CAE08F919D1BA2200CD9CB0 /* TransportViewController.m */; };
		0CD6D64219D75BBF002A8AC1 /* AFHTTPRequestOperation.m in Sources */ = {isa = PBXBuildFile; fileRef = 0CD6D61919D75BBF002A8AC1 /* AFHTTPRequestOperation.m */; };
		0CD6D64319D75BBF002A8AC1 /* AFHTTPRequestOperationManager.m in Sources */ = {isa = PBXBuildFile; fileRef = 0CD6D61B19D75BBF002A8AC1 /* AFHTTPRequestOperationManager.m */; };
		0CD6D64419D75BBF002A8AC1 /* AFHTTPSessionManager.m in Sources */ = {isa = PBXBuildFile; fileRef = 0CD6D61D19D75BBF002A8AC1 /* AFHTTPSessionManager.m */; };
		0CD6D64519D75BBF002A8AC1 /* AFNetworkReachabilityManager.m in Sources */ = {isa = PBXBuildFile; fileRef = 0CD6D62019D75BBF002A8AC1 /* AFNetworkReachabilityManager.m */; };
		0CD6D64619D75BBF002A8AC1 /* AFSecurityPolicy.m in Sources */ = {isa = PBXBuildFile; fileRef = 0CD6D62219D75BBF002A8AC1 /* AFSecurityPolicy.m */; };
		0CD6D64719D75BBF002A8AC1 /* AFURLConnectionOperation.m in Sources */ = {isa = PBXBuildFile; fileRef = 0CD6D62419D75BBF002A8AC1 /* AFURLConnectionOperation.m */; };
		0CD6D64819D75BBF002A8AC1 /* AFURLRequestSerialization.m in Sources */ = {isa = PBXBuildFile; fileRef = 0CD6D62619D75BBF002A8AC1 /* AFURLRequestSerialization.m */; };
		0CD6D64919D75BBF002A8AC1 /* AFURLResponseSerialization.m in Sources */ = {isa = PBXBuildFile; fileRef = 0CD6D62819D75BBF002A8AC1 /* AFURLResponseSerialization.m */; };
		0CD6D64A19D75BBF002A8AC1 /* AFURLSessionManager.m in Sources */ = {isa = PBXBuildFile; fileRef = 0CD6D62A19D75BBF002A8AC1 /* AFURLSessionManager.m */; };
		0CD6D64B19D75BBF002A8AC1 /* EGOCache.m in Sources */ = {isa = PBXBuildFile; fileRef = 0CD6D62C19D75BBF002A8AC1 /* EGOCache.m */; };
		0CD6D64C19D75BBF002A8AC1 /* FSBasicImage.m in Sources */ = {isa = PBXBuildFile; fileRef = 0CD6D62E19D75BBF002A8AC1 /* FSBasicImage.m */; };
		0CD6D64D19D75BBF002A8AC1 /* FSBasicImageSource.m in Sources */ = {isa = PBXBuildFile; fileRef = 0CD6D63019D75BBF002A8AC1 /* FSBasicImageSource.m */; };
		0CD6D64E19D75BBF002A8AC1 /* FSImageLoader.m in Sources */ = {isa = PBXBuildFile; fileRef = 0CD6D63319D75BBF002A8AC1 /* FSImageLoader.m */; };
		0CD6D64F19D75BBF002A8AC1 /* FSImageScrollView.m in Sources */ = {isa = PBXBuildFile; fileRef = 0CD6D63519D75BBF002A8AC1 /* FSImageScrollView.m */; };
		0CD6D65019D75BBF002A8AC1 /* FSImageTitleView.m in Sources */ = {isa = PBXBuildFile; fileRef = 0CD6D63819D75BBF002A8AC1 /* FSImageTitleView.m */; };
		0CD6D65119D75BBF002A8AC1 /* FSImageView.m in Sources */ = {isa = PBXBuildFile; fileRef = 0CD6D63A19D75BBF002A8AC1 /* FSImageView.m */; };
		0CD6D65219D75BBF002A8AC1 /* FSImageViewerViewController.m in Sources */ = {isa = PBXBuildFile; fileRef = 0CD6D63E19D75BBF002A8AC1 /* FSImageViewerViewController.m */; };
		0CD6D65319D75BBF002A8AC1 /* FSPlaceholderImages.m in Sources */ = {isa = PBXBuildFile; fileRef = 0CD6D64019D75BBF002A8AC1 /* FSPlaceholderImages.m */; };
		0CD6D65519D75C0A002A8AC1 /* CFNetwork.framework in Frameworks */ = {isa = PBXBuildFile; fileRef = 0CD6D65419D75C0A002A8AC1 /* CFNetwork.framework */; };
		0CD6D65719D75C14002A8AC1 /* Security.framework in Frameworks */ = {isa = PBXBuildFile; fileRef = 0CD6D65619D75C14002A8AC1 /* Security.framework */; };
		0CD6D66419D7607E002A8AC1 /* RootViewController.m in Sources */ = {isa = PBXBuildFile; fileRef = 0CD6D66319D7607E002A8AC1 /* RootViewController.m */; };
		0CD6D66719D760C1002A8AC1 /* LeftMenuViewController.m in Sources */ = {isa = PBXBuildFile; fileRef = 0CD6D66619D760C1002A8AC1 /* LeftMenuViewController.m */; };
		0CD6D66F19D7642E002A8AC1 /* RECommonFunctions.m in Sources */ = {isa = PBXBuildFile; fileRef = 0CD6D66A19D7642E002A8AC1 /* RECommonFunctions.m */; };
		0CD6D67019D7642E002A8AC1 /* RESideMenu.m in Sources */ = {isa = PBXBuildFile; fileRef = 0CD6D66C19D7642E002A8AC1 /* RESideMenu.m */; };
		0CD6D67119D7642E002A8AC1 /* UIViewController+RESideMenu.m in Sources */ = {isa = PBXBuildFile; fileRef = 0CD6D66E19D7642E002A8AC1 /* UIViewController+RESideMenu.m */; };
		0CD6D67319D76695002A8AC1 /* UIKit.framework in Frameworks */ = {isa = PBXBuildFile; fileRef = 0CD6D67219D76695002A8AC1 /* UIKit.framework */; };
		0CD87F1719CC97AA0038DD4F /* image.jpg in Resources */ = {isa = PBXBuildFile; fileRef = 0CD87F1619CC97AA0038DD4F /* image.jpg */; };
		0CD87F2419CC99350038DD4F /* LICENSE.txt in Resources */ = {isa = PBXBuildFile; fileRef = 0CD87F1919CC99350038DD4F /* LICENSE.txt */; };
		0CD87F2519CC99350038DD4F /* OpenSans-Bold.ttf in Resources */ = {isa = PBXBuildFile; fileRef = 0CD87F1A19CC99350038DD4F /* OpenSans-Bold.ttf */; };
		0CD87F2619CC99350038DD4F /* OpenSans-BoldItalic.ttf in Resources */ = {isa = PBXBuildFile; fileRef = 0CD87F1B19CC99350038DD4F /* OpenSans-BoldItalic.ttf */; };
		0CD87F2719CC99350038DD4F /* OpenSans-ExtraBold.ttf in Resources */ = {isa = PBXBuildFile; fileRef = 0CD87F1C19CC99350038DD4F /* OpenSans-ExtraBold.ttf */; };
		0CD87F2819CC99350038DD4F /* OpenSans-ExtraBoldItalic.ttf in Resources */ = {isa = PBXBuildFile; fileRef = 0CD87F1D19CC99350038DD4F /* OpenSans-ExtraBoldItalic.ttf */; };
		0CD87F2919CC99350038DD4F /* OpenSans-Italic.ttf in Resources */ = {isa = PBXBuildFile; fileRef = 0CD87F1E19CC99350038DD4F /* OpenSans-Italic.ttf */; };
		0CD87F2A19CC99350038DD4F /* OpenSans-Light.ttf in Resources */ = {isa = PBXBuildFile; fileRef = 0CD87F1F19CC99350038DD4F /* OpenSans-Light.ttf */; };
		0CD87F2B19CC99350038DD4F /* OpenSans-LightItalic.ttf in Resources */ = {isa = PBXBuildFile; fileRef = 0CD87F2019CC99350038DD4F /* OpenSans-LightItalic.ttf */; };
		0CD87F2C19CC99350038DD4F /* OpenSans-Regular.ttf in Resources */ = {isa = PBXBuildFile; fileRef = 0CD87F2119CC99350038DD4F /* OpenSans-Regular.ttf */; };
		0CD87F2D19CC99350038DD4F /* OpenSans-Semibold.ttf in Resources */ = {isa = PBXBuildFile; fileRef = 0CD87F2219CC99350038DD4F /* OpenSans-Semibold.ttf */; };
		0CD87F2E19CC99350038DD4F /* OpenSans-SemiboldItalic.ttf in Resources */ = {isa = PBXBuildFile; fileRef = 0CD87F2319CC99350038DD4F /* OpenSans-SemiboldItalic.ttf */; };
		0CD87F3019CC9B5C0038DD4F /* MapKit.framework in Frameworks */ = {isa = PBXBuildFile; fileRef = 0CD87F2F19CC9B5C0038DD4F /* MapKit.framework */; };
		0CD87F3219CC9B630038DD4F /* CoreLocation.framework in Frameworks */ = {isa = PBXBuildFile; fileRef = 0CD87F3119CC9B630038DD4F /* CoreLocation.framework */; };
		0CD87F3519CCB4540038DD4F /* MonumentsDetailViewController.m in Sources */ = {isa = PBXBuildFile; fileRef = 0CD87F3419CCB4540038DD4F /* MonumentsDetailViewController.m */; };
		0CF9E66C19D611A3003CED6C /* MonumentAudioViewController.m in Sources */ = {isa = PBXBuildFile; fileRef = 0CF9E66B19D611A3003CED6C /* MonumentAudioViewController.m */; };
		0CF9E66E19D611CD003CED6C /* MediaPlayer.framework in Frameworks */ = {isa = PBXBuildFile; fileRef = 0CF9E66D19D611CD003CED6C /* MediaPlayer.framework */; };
		0CF9E67019D611D3003CED6C /* AVFoundation.framework in Frameworks */ = {isa = PBXBuildFile; fileRef = 0CF9E66F19D611D3003CED6C /* AVFoundation.framework */; };
		0CF9E69A19D6D812003CED6C /* FTCoreTextStyle.m in Sources */ = {isa = PBXBuildFile; fileRef = 0CF9E69719D6D812003CED6C /* FTCoreTextStyle.m */; };
		0CF9E69B19D6D812003CED6C /* FTCoreTextView.m in Sources */ = {isa = PBXBuildFile; fileRef = 0CF9E69919D6D812003CED6C /* FTCoreTextView.m */; };
		0CF9E69D19D6D916003CED6C /* textAmfiteatre.txt in Resources */ = {isa = PBXBuildFile; fileRef = 0CF9E69C19D6D916003CED6C /* textAmfiteatre.txt */; };
		0CF9E69F19D6DCE9003CED6C /* CoreText.framework in Frameworks */ = {isa = PBXBuildFile; fileRef = 0CF9E69E19D6DCE9003CED6C /* CoreText.framework */; };
		0CF9E6A419D7087F003CED6C /* horariAmfiteatre.txt in Resources */ = {isa = PBXBuildFile; fileRef = 0CF9E6A219D7087F003CED6C /* horariAmfiteatre.txt */; };
/* End PBXBuildFile section */

/* Begin PBXContainerItemProxy section */
		0C7BDBB919CC79E1001C2907 /* PBXContainerItemProxy */ = {
			isa = PBXContainerItemProxy;
			containerPortal = 0C7BDB9719CC79E1001C2907 /* Project object */;
			proxyType = 1;
			remoteGlobalIDString = 0C7BDB9E19CC79E1001C2907;
			remoteInfo = Tarracopass;
		};
/* End PBXContainerItemProxy section */

/* Begin PBXFileReference section */
		0C14C1EF19D3512400197D4A /* TempsTableViewController.h */ = {isa = PBXFileReference; fileEncoding = 4; lastKnownFileType = sourcecode.c.h; path = TempsTableViewController.h; sourceTree = "<group>"; };
		0C14C1F019D3512400197D4A /* TempsTableViewController.m */ = {isa = PBXFileReference; fileEncoding = 4; lastKnownFileType = sourcecode.c.objc; path = TempsTableViewController.m; sourceTree = "<group>"; };
		0C14C1F919D4750D00197D4A /* Foundation.framework */ = {isa = PBXFileReference; lastKnownFileType = wrapper.framework; name = Foundation.framework; path = System/Library/Frameworks/Foundation.framework; sourceTree = SDKROOT; };
		0C14C22E19D598D400197D4A /* MZFormSheetBackgroundWindow.h */ = {isa = PBXFileReference; fileEncoding = 4; lastKnownFileType = sourcecode.c.h; path = MZFormSheetBackgroundWindow.h; sourceTree = "<group>"; };
		0C14C22F19D598D400197D4A /* MZFormSheetBackgroundWindow.m */ = {isa = PBXFileReference; fileEncoding = 4; lastKnownFileType = sourcecode.c.objc; path = MZFormSheetBackgroundWindow.m; sourceTree = "<group>"; };
		0C14C23019D598D400197D4A /* MZFormSheetBackgroundWindowViewController.h */ = {isa = PBXFileReference; fileEncoding = 4; lastKnownFileType = sourcecode.c.h; path = MZFormSheetBackgroundWindowViewController.h; sourceTree = "<group>"; };
		0C14C23119D598D400197D4A /* MZFormSheetBackgroundWindowViewController.m */ = {isa = PBXFileReference; fileEncoding = 4; lastKnownFileType = sourcecode.c.objc; path = MZFormSheetBackgroundWindowViewController.m; sourceTree = "<group>"; };
		0C14C23219D598D400197D4A /* MZFormSheetController.h */ = {isa = PBXFileReference; fileEncoding = 4; lastKnownFileType = sourcecode.c.h; path = MZFormSheetController.h; sourceTree = "<group>"; };
		0C14C23319D598D400197D4A /* MZFormSheetController.m */ = {isa = PBXFileReference; fileEncoding = 4; lastKnownFileType = sourcecode.c.objc; path = MZFormSheetController.m; sourceTree = "<group>"; };
		0C14C23419D598D400197D4A /* MZFormSheetSegue.h */ = {isa = PBXFileReference; fileEncoding = 4; lastKnownFileType = sourcecode.c.h; path = MZFormSheetSegue.h; sourceTree = "<group>"; };
		0C14C23519D598D400197D4A /* MZFormSheetSegue.m */ = {isa = PBXFileReference; fileEncoding = 4; lastKnownFileType = sourcecode.c.objc; path = MZFormSheetSegue.m; sourceTree = "<group>"; };
		0C14C23619D598D400197D4A /* MZMacro.h */ = {isa = PBXFileReference; fileEncoding = 4; lastKnownFileType = sourcecode.c.h; path = MZMacro.h; sourceTree = "<group>"; };
		0C14C23919D598D400197D4A /* UIImage+Additional.h */ = {isa = PBXFileReference; fileEncoding = 4; lastKnownFileType = sourcecode.c.h; path = "UIImage+Additional.h"; sourceTree = "<group>"; };
		0C14C23A19D598D400197D4A /* UIImage+Additional.m */ = {isa = PBXFileReference; fileEncoding = 4; lastKnownFileType = sourcecode.c.objc; path = "UIImage+Additional.m"; sourceTree = "<group>"; };
		0C14C23B19D598D400197D4A /* UIViewController+TargetViewController.h */ = {isa = PBXFileReference; fileEncoding = 4; lastKnownFileType = sourcecode.c.h; path = "UIViewController+TargetViewController.h"; sourceTree = "<group>"; };
		0C14C23C19D598D400197D4A /* UIViewController+TargetViewController.m */ = {isa = PBXFileReference; fileEncoding = 4; lastKnownFileType = sourcecode.c.objc; path = "UIViewController+TargetViewController.m"; sourceTree = "<group>"; };
		0C14C24519D5991300197D4A /* MZAppearance.h */ = {isa = PBXFileReference; fileEncoding = 4; lastKnownFileType = sourcecode.c.h; path = MZAppearance.h; sourceTree = "<group>"; };
		0C14C24619D5991300197D4A /* MZAppearance.m */ = {isa = PBXFileReference; fileEncoding = 4; lastKnownFileType = sourcecode.c.objc; path = MZAppearance.m; sourceTree = "<group>"; };
		0C14C24719D5991300197D4A /* NSInvocation+Copy.h */ = {isa = PBXFileReference; fileEncoding = 4; lastKnownFileType = sourcecode.c.h; path = "NSInvocation+Copy.h"; sourceTree = "<group>"; };
		0C14C24819D5991300197D4A /* NSInvocation+Copy.m */ = {isa = PBXFileReference; fileEncoding = 4; lastKnownFileType = sourcecode.c.objc; path = "NSInvocation+Copy.m"; sourceTree = "<group>"; };
		0C14C24B19D5993D00197D4A /* CoreGraphics.framework */ = {isa = PBXFileReference; lastKnownFileType = wrapper.framework; name = CoreGraphics.framework; path = System/Library/Frameworks/CoreGraphics.framework; sourceTree = SDKROOT; };
		0C14C25019D59DF600197D4A /* Accelerate.framework */ = {isa = PBXFileReference; lastKnownFileType = wrapper.framework; name = Accelerate.framework; path = System/Library/Frameworks/Accelerate.framework; sourceTree = SDKROOT; };
		0C14C2A919D5A2E200197D4A /* MZTransition.h */ = {isa = PBXFileReference; fileEncoding = 4; lastKnownFileType = sourcecode.c.h; path = MZTransition.h; sourceTree = "<group>"; };
		0C14C2AA19D5A2EB00197D4A /* MZTransition.m */ = {isa = PBXFileReference; fileEncoding = 4; lastKnownFileType = sourcecode.c.objc; path = MZTransition.m; sourceTree = "<group>"; };
		0C14C2AC19D5A3D600197D4A /* MonumentsTimeTableViewController.h */ = {isa = PBXFileReference; fileEncoding = 4; lastKnownFileType = sourcecode.c.h; path = MonumentsTimeTableViewController.h; sourceTree = "<group>"; };
		0C14C2AD19D5A3D600197D4A /* MonumentsTimeTableViewController.m */ = {isa = PBXFileReference; fileEncoding = 4; lastKnownFileType = sourcecode.c.objc; path = MonumentsTimeTableViewController.m; sourceTree = "<group>"; };
		0C7BDB9F19CC79E1001C2907 /* Tarracopass.app */ = {isa = PBXFileReference; explicitFileType = wrapper.application; includeInIndex = 0; path = Tarracopass.app; sourceTree = BUILT_PRODUCTS_DIR; };
		0C7BDBA319CC79E1001C2907 /* Info.plist */ = {isa = PBXFileReference; lastKnownFileType = text.plist.xml; path = Info.plist; sourceTree = "<group>"; };
		0C7BDBA419CC79E1001C2907 /* main.m */ = {isa = PBXFileReference; lastKnownFileType = sourcecode.c.objc; path = main.m; sourceTree = "<group>"; };
		0C7BDBA619CC79E1001C2907 /* AppDelegate.h */ = {isa = PBXFileReference; lastKnownFileType = sourcecode.c.h; path = AppDelegate.h; sourceTree = "<group>"; };
		0C7BDBA719CC79E1001C2907 /* AppDelegate.m */ = {isa = PBXFileReference; lastKnownFileType = sourcecode.c.objc; path = AppDelegate.m; sourceTree = "<group>"; };
		0C7BDBA919CC79E1001C2907 /* ViewController.h */ = {isa = PBXFileReference; lastKnownFileType = sourcecode.c.h; path = ViewController.h; sourceTree = "<group>"; };
		0C7BDBAA19CC79E1001C2907 /* ViewController.m */ = {isa = PBXFileReference; lastKnownFileType = sourcecode.c.objc; path = ViewController.m; sourceTree = "<group>"; };
		0C7BDBAD19CC79E1001C2907 /* Base */ = {isa = PBXFileReference; lastKnownFileType = file.storyboard; name = Base; path = Base.lproj/Main.storyboard; sourceTree = "<group>"; };
		0C7BDBAF19CC79E1001C2907 /* Images.xcassets */ = {isa = PBXFileReference; lastKnownFileType = folder.assetcatalog; path = Images.xcassets; sourceTree = "<group>"; };
		0C7BDBB219CC79E1001C2907 /* Base */ = {isa = PBXFileReference; lastKnownFileType = file.xib; name = Base; path = Base.lproj/LaunchScreen.xib; sourceTree = "<group>"; };
		0C7BDBB819CC79E1001C2907 /* TarracopassTests.xctest */ = {isa = PBXFileReference; explicitFileType = wrapper.cfbundle; includeInIndex = 0; path = TarracopassTests.xctest; sourceTree = BUILT_PRODUCTS_DIR; };
		0C7BDBBD19CC79E1001C2907 /* Info.plist */ = {isa = PBXFileReference; lastKnownFileType = text.plist.xml; path = Info.plist; sourceTree = "<group>"; };
		0C7BDBBE19CC79E1001C2907 /* TarracopassTests.m */ = {isa = PBXFileReference; lastKnownFileType = sourcecode.c.objc; path = TarracopassTests.m; sourceTree = "<group>"; };
		0C7BDBDF19CC84EE001C2907 /* MonumentsTableViewController.h */ = {isa = PBXFileReference; fileEncoding = 4; lastKnownFileType = sourcecode.c.h; path = MonumentsTableViewController.h; sourceTree = "<group>"; };
		0C7BDBE019CC84EE001C2907 /* MonumentsTableViewController.m */ = {isa = PBXFileReference; fileEncoding = 4; lastKnownFileType = sourcecode.c.objc; path = MonumentsTableViewController.m; sourceTree = "<group>"; };
		0C7BDBE619CC8655001C2907 /* Monuments.plist */ = {isa = PBXFileReference; fileEncoding = 4; lastKnownFileType = text.plist.xml; path = Monuments.plist; sourceTree = "<group>"; };
		0CAE040C19CCC93000CD9CB0 /* JPBFloatingTextViewController.h */ = {isa = PBXFileReference; fileEncoding = 4; lastKnownFileType = sourcecode.c.h; path = JPBFloatingTextViewController.h; sourceTree = "<group>"; };
		0CAE040D19CCC93000CD9CB0 /* JPBFloatingTextViewController.m */ = {isa = PBXFileReference; fileEncoding = 4; lastKnownFileType = sourcecode.c.objc; path = JPBFloatingTextViewController.m; sourceTree = "<group>"; };
		0CAE040E19CCC93000CD9CB0 /* JPBParallaxBlurViewController.h */ = {isa = PBXFileReference; fileEncoding = 4; lastKnownFileType = sourcecode.c.h; path = JPBParallaxBlurViewController.h; sourceTree = "<group>"; };
		0CAE040F19CCC93000CD9CB0 /* JPBParallaxBlurViewController.m */ = {isa = PBXFileReference; fileEncoding = 4; lastKnownFileType = sourcecode.c.objc; path = JPBParallaxBlurViewController.m; sourceTree = "<group>"; };
		0CAE041719CCC99500CD9CB0 /* FXBlurView.h */ = {isa = PBXFileReference; fileEncoding = 4; lastKnownFileType = sourcecode.c.h; path = FXBlurView.h; sourceTree = "<group>"; };
		0CAE041819CCC99500CD9CB0 /* FXBlurView.m */ = {isa = PBXFileReference; fileEncoding = 4; lastKnownFileType = sourcecode.c.objc; path = FXBlurView.m; sourceTree = "<group>"; };
		0CAE041A19CCE16100CD9CB0 /* JPBParallaxTableViewController.h */ = {isa = PBXFileReference; fileEncoding = 4; lastKnownFileType = sourcecode.c.h; path = JPBParallaxTableViewController.h; sourceTree = "<group>"; };
		0CAE041B19CCE16100CD9CB0 /* JPBParallaxTableViewController.m */ = {isa = PBXFileReference; fileEncoding = 4; lastKnownFileType = sourcecode.c.objc; path = JPBParallaxTableViewController.m; sourceTree = "<group>"; };
		0CAE041D19CDB2F200CD9CB0 /* Social.framework */ = {isa = PBXFileReference; lastKnownFileType = wrapper.framework; name = Social.framework; path = System/Library/Frameworks/Social.framework; sourceTree = SDKROOT; };
		0CAE062F19CDC4D600CD9CB0 /* QuartzCore.framework */ = {isa = PBXFileReference; lastKnownFileType = wrapper.framework; name = QuartzCore.framework; path = System/Library/Frameworks/QuartzCore.framework; sourceTree = SDKROOT; };
		0CAE077119D09BCA00CD9CB0 /* Icons.xcassets */ = {isa = PBXFileReference; lastKnownFileType = folder.assetcatalog; name = Icons.xcassets; path = Tarracopass/Icons.xcassets; sourceTree = SOURCE_ROOT; };
		0CAE077719D09E3B00CD9CB0 /* MonumentsMapViewController.h */ = {isa = PBXFileReference; fileEncoding = 4; lastKnownFileType = sourcecode.c.h; path = MonumentsMapViewController.h; sourceTree = "<group>"; };
		0CAE077819D09E3B00CD9CB0 /* MonumentsMapViewController.m */ = {isa = PBXFileReference; fileEncoding = 4; lastKnownFileType = sourcecode.c.objc; path = MonumentsMapViewController.m; sourceTree = "<group>"; };
		0CAE08EC19D0D4E400CD9CB0 /* SVProgressHUD-Prefix.pch */ = {isa = PBXFileReference; fileEncoding = 4; lastKnownFileType = sourcecode.c.h; path = "SVProgressHUD-Prefix.pch"; sourceTree = "<group>"; };
		0CAE08ED19D0D4E400CD9CB0 /* SVProgressHUD.bundle */ = {isa = PBXFileReference; lastKnownFileType = "wrapper.plug-in"; path = SVProgressHUD.bundle; sourceTree = "<group>"; };
		0CAE08EE19D0D4E400CD9CB0 /* SVProgressHUD.h */ = {isa = PBXFileReference; fileEncoding = 4; lastKnownFileType = sourcecode.c.h; path = SVProgressHUD.h; sourceTree = "<group>"; };
		0CAE08EF19D0D4E400CD9CB0 /* SVProgressHUD.m */ = {isa = PBXFileReference; fileEncoding = 4; lastKnownFileType = sourcecode.c.objc; path = SVProgressHUD.m; sourceTree = "<group>"; };
		0CAE08F219D1B98800CD9CB0 /* TransportDetailViewController.h */ = {isa = PBXFileReference; fileEncoding = 4; lastKnownFileType = sourcecode.c.h; path = TransportDetailViewController.h; sourceTree = "<group>"; };
		0CAE08F319D1B98800CD9CB0 /* TransportDetailViewController.m */ = {isa = PBXFileReference; fileEncoding = 4; lastKnownFileType = sourcecode.c.objc; path = TransportDetailViewController.m; sourceTree = "<group>"; };
		0CAE08F419D1B98800CD9CB0 /* TransportPoint.h */ = {isa = PBXFileReference; fileEncoding = 4; lastKnownFileType = sourcecode.c.h; path = TransportPoint.h; sourceTree = "<group>"; };
		0CAE08F519D1B98800CD9CB0 /* TransportPoint.m */ = {isa = PBXFileReference; fileEncoding = 4; lastKnownFileType = sourcecode.c.objc; path = TransportPoint.m; sourceTree = "<group>"; };
		0CAE08F819D1BA2200CD9CB0 /* TransportViewController.h */ = {isa = PBXFileReference; fileEncoding = 4; lastKnownFileType = sourcecode.c.h; path = TransportViewController.h; sourceTree = "<group>"; };
		0CAE08F919D1BA2200CD9CB0 /* TransportViewController.m */ = {isa = PBXFileReference; fileEncoding = 4; lastKnownFileType = sourcecode.c.objc; path = TransportViewController.m; sourceTree = "<group>"; };
		0CD6D61819D75BBF002A8AC1 /* AFHTTPRequestOperation.h */ = {isa = PBXFileReference; fileEncoding = 4; lastKnownFileType = sourcecode.c.h; path = AFHTTPRequestOperation.h; sourceTree = "<group>"; };
		0CD6D61919D75BBF002A8AC1 /* AFHTTPRequestOperation.m */ = {isa = PBXFileReference; fileEncoding = 4; lastKnownFileType = sourcecode.c.objc; path = AFHTTPRequestOperation.m; sourceTree = "<group>"; };
		0CD6D61A19D75BBF002A8AC1 /* AFHTTPRequestOperationManager.h */ = {isa = PBXFileReference; fileEncoding = 4; lastKnownFileType = sourcecode.c.h; path = AFHTTPRequestOperationManager.h; sourceTree = "<group>"; };
		0CD6D61B19D75BBF002A8AC1 /* AFHTTPRequestOperationManager.m */ = {isa = PBXFileReference; fileEncoding = 4; lastKnownFileType = sourcecode.c.objc; path = AFHTTPRequestOperationManager.m; sourceTree = "<group>"; };
		0CD6D61C19D75BBF002A8AC1 /* AFHTTPSessionManager.h */ = {isa = PBXFileReference; fileEncoding = 4; lastKnownFileType = sourcecode.c.h; path = AFHTTPSessionManager.h; sourceTree = "<group>"; };
		0CD6D61D19D75BBF002A8AC1 /* AFHTTPSessionManager.m */ = {isa = PBXFileReference; fileEncoding = 4; lastKnownFileType = sourcecode.c.objc; path = AFHTTPSessionManager.m; sourceTree = "<group>"; };
		0CD6D61E19D75BBF002A8AC1 /* AFNetworking.h */ = {isa = PBXFileReference; fileEncoding = 4; lastKnownFileType = sourcecode.c.h; path = AFNetworking.h; sourceTree = "<group>"; };
		0CD6D61F19D75BBF002A8AC1 /* AFNetworkReachabilityManager.h */ = {isa = PBXFileReference; fileEncoding = 4; lastKnownFileType = sourcecode.c.h; path = AFNetworkReachabilityManager.h; sourceTree = "<group>"; };
		0CD6D62019D75BBF002A8AC1 /* AFNetworkReachabilityManager.m */ = {isa = PBXFileReference; fileEncoding = 4; lastKnownFileType = sourcecode.c.objc; path = AFNetworkReachabilityManager.m; sourceTree = "<group>"; };
		0CD6D62119D75BBF002A8AC1 /* AFSecurityPolicy.h */ = {isa = PBXFileReference; fileEncoding = 4; lastKnownFileType = sourcecode.c.h; path = AFSecurityPolicy.h; sourceTree = "<group>"; };
		0CD6D62219D75BBF002A8AC1 /* AFSecurityPolicy.m */ = {isa = PBXFileReference; fileEncoding = 4; lastKnownFileType = sourcecode.c.objc; path = AFSecurityPolicy.m; sourceTree = "<group>"; };
		0CD6D62319D75BBF002A8AC1 /* AFURLConnectionOperation.h */ = {isa = PBXFileReference; fileEncoding = 4; lastKnownFileType = sourcecode.c.h; path = AFURLConnectionOperation.h; sourceTree = "<group>"; };
		0CD6D62419D75BBF002A8AC1 /* AFURLConnectionOperation.m */ = {isa = PBXFileReference; fileEncoding = 4; lastKnownFileType = sourcecode.c.objc; path = AFURLConnectionOperation.m; sourceTree = "<group>"; };
		0CD6D62519D75BBF002A8AC1 /* AFURLRequestSerialization.h */ = {isa = PBXFileReference; fileEncoding = 4; lastKnownFileType = sourcecode.c.h; path = AFURLRequestSerialization.h; sourceTree = "<group>"; };
		0CD6D62619D75BBF002A8AC1 /* AFURLRequestSerialization.m */ = {isa = PBXFileReference; fileEncoding = 4; lastKnownFileType = sourcecode.c.objc; path = AFURLRequestSerialization.m; sourceTree = "<group>"; };
		0CD6D62719D75BBF002A8AC1 /* AFURLResponseSerialization.h */ = {isa = PBXFileReference; fileEncoding = 4; lastKnownFileType = sourcecode.c.h; path = AFURLResponseSerialization.h; sourceTree = "<group>"; };
		0CD6D62819D75BBF002A8AC1 /* AFURLResponseSerialization.m */ = {isa = PBXFileReference; fileEncoding = 4; lastKnownFileType = sourcecode.c.objc; path = AFURLResponseSerialization.m; sourceTree = "<group>"; };
		0CD6D62919D75BBF002A8AC1 /* AFURLSessionManager.h */ = {isa = PBXFileReference; fileEncoding = 4; lastKnownFileType = sourcecode.c.h; path = AFURLSessionManager.h; sourceTree = "<group>"; };
		0CD6D62A19D75BBF002A8AC1 /* AFURLSessionManager.m */ = {isa = PBXFileReference; fileEncoding = 4; lastKnownFileType = sourcecode.c.objc; path = AFURLSessionManager.m; sourceTree = "<group>"; };
		0CD6D62B19D75BBF002A8AC1 /* EGOCache.h */ = {isa = PBXFileReference; fileEncoding = 4; lastKnownFileType = sourcecode.c.h; path = EGOCache.h; sourceTree = "<group>"; };
		0CD6D62C19D75BBF002A8AC1 /* EGOCache.m */ = {isa = PBXFileReference; fileEncoding = 4; lastKnownFileType = sourcecode.c.objc; path = EGOCache.m; sourceTree = "<group>"; };
		0CD6D62D19D75BBF002A8AC1 /* FSBasicImage.h */ = {isa = PBXFileReference; fileEncoding = 4; lastKnownFileType = sourcecode.c.h; path = FSBasicImage.h; sourceTree = "<group>"; };
		0CD6D62E19D75BBF002A8AC1 /* FSBasicImage.m */ = {isa = PBXFileReference; fileEncoding = 4; lastKnownFileType = sourcecode.c.objc; path = FSBasicImage.m; sourceTree = "<group>"; };
		0CD6D62F19D75BBF002A8AC1 /* FSBasicImageSource.h */ = {isa = PBXFileReference; fileEncoding = 4; lastKnownFileType = sourcecode.c.h; path = FSBasicImageSource.h; sourceTree = "<group>"; };
		0CD6D63019D75BBF002A8AC1 /* FSBasicImageSource.m */ = {isa = PBXFileReference; fileEncoding = 4; lastKnownFileType = sourcecode.c.objc; path = FSBasicImageSource.m; sourceTree = "<group>"; };
		0CD6D63119D75BBF002A8AC1 /* FSImage.h */ = {isa = PBXFileReference; fileEncoding = 4; lastKnownFileType = sourcecode.c.h; path = FSImage.h; sourceTree = "<group>"; };
		0CD6D63219D75BBF002A8AC1 /* FSImageLoader.h */ = {isa = PBXFileReference; fileEncoding = 4; lastKnownFileType = sourcecode.c.h; path = FSImageLoader.h; sourceTree = "<group>"; };
		0CD6D63319D75BBF002A8AC1 /* FSImageLoader.m */ = {isa = PBXFileReference; fileEncoding = 4; lastKnownFileType = sourcecode.c.objc; path = FSImageLoader.m; sourceTree = "<group>"; };
		0CD6D63419D75BBF002A8AC1 /* FSImageScrollView.h */ = {isa = PBXFileReference; fileEncoding = 4; lastKnownFileType = sourcecode.c.h; path = FSImageScrollView.h; sourceTree = "<group>"; };
		0CD6D63519D75BBF002A8AC1 /* FSImageScrollView.m */ = {isa = PBXFileReference; fileEncoding = 4; lastKnownFileType = sourcecode.c.objc; path = FSImageScrollView.m; sourceTree = "<group>"; };
		0CD6D63619D75BBF002A8AC1 /* FSImageSource.h */ = {isa = PBXFileReference; fileEncoding = 4; lastKnownFileType = sourcecode.c.h; path = FSImageSource.h; sourceTree = "<group>"; };
		0CD6D63719D75BBF002A8AC1 /* FSImageTitleView.h */ = {isa = PBXFileReference; fileEncoding = 4; lastKnownFileType = sourcecode.c.h; path = FSImageTitleView.h; sourceTree = "<group>"; };
		0CD6D63819D75BBF002A8AC1 /* FSImageTitleView.m */ = {isa = PBXFileReference; fileEncoding = 4; lastKnownFileType = sourcecode.c.objc; path = FSImageTitleView.m; sourceTree = "<group>"; };
		0CD6D63919D75BBF002A8AC1 /* FSImageView.h */ = {isa = PBXFileReference; fileEncoding = 4; lastKnownFileType = sourcecode.c.h; path = FSImageView.h; sourceTree = "<group>"; };
		0CD6D63A19D75BBF002A8AC1 /* FSImageView.m */ = {isa = PBXFileReference; fileEncoding = 4; lastKnownFileType = sourcecode.c.objc; path = FSImageView.m; sourceTree = "<group>"; };
		0CD6D63B19D75BBF002A8AC1 /* FSImageViewer-Prefix.pch */ = {isa = PBXFileReference; fileEncoding = 4; lastKnownFileType = sourcecode.c.h; path = "FSImageViewer-Prefix.pch"; sourceTree = "<group>"; };
		0CD6D63C19D75BBF002A8AC1 /* FSImageViewer.h */ = {isa = PBXFileReference; fileEncoding = 4; lastKnownFileType = sourcecode.c.h; path = FSImageViewer.h; sourceTree = "<group>"; };
		0CD6D63D19D75BBF002A8AC1 /* FSImageViewerViewController.h */ = {isa = PBXFileReference; fileEncoding = 4; lastKnownFileType = sourcecode.c.h; path = FSImageViewerViewController.h; sourceTree = "<group>"; };
		0CD6D63E19D75BBF002A8AC1 /* FSImageViewerViewController.m */ = {isa = PBXFileReference; fileEncoding = 4; lastKnownFileType = sourcecode.c.objc; path = FSImageViewerViewController.m; sourceTree = "<group>"; };
		0CD6D63F19D75BBF002A8AC1 /* FSPlaceholderImages.h */ = {isa = PBXFileReference; fileEncoding = 4; lastKnownFileType = sourcecode.c.h; path = FSPlaceholderImages.h; sourceTree = "<group>"; };
		0CD6D64019D75BBF002A8AC1 /* FSPlaceholderImages.m */ = {isa = PBXFileReference; fileEncoding = 4; lastKnownFileType = sourcecode.c.objc; path = FSPlaceholderImages.m; sourceTree = "<group>"; };
		0CD6D64119D75BBF002A8AC1 /* FSTitleView.h */ = {isa = PBXFileReference; fileEncoding = 4; lastKnownFileType = sourcecode.c.h; path = FSTitleView.h; sourceTree = "<group>"; };
		0CD6D65419D75C0A002A8AC1 /* CFNetwork.framework */ = {isa = PBXFileReference; lastKnownFileType = wrapper.framework; name = CFNetwork.framework; path = System/Library/Frameworks/CFNetwork.framework; sourceTree = SDKROOT; };
		0CD6D65619D75C14002A8AC1 /* Security.framework */ = {isa = PBXFileReference; lastKnownFileType = wrapper.framework; name = Security.framework; path = System/Library/Frameworks/Security.framework; sourceTree = SDKROOT; };
		0CD6D66219D7607E002A8AC1 /* RootViewController.h */ = {isa = PBXFileReference; fileEncoding = 4; lastKnownFileType = sourcecode.c.h; path = RootViewController.h; sourceTree = "<group>"; };
		0CD6D66319D7607E002A8AC1 /* RootViewController.m */ = {isa = PBXFileReference; fileEncoding = 4; lastKnownFileType = sourcecode.c.objc; path = RootViewController.m; sourceTree = "<group>"; };
		0CD6D66519D760C1002A8AC1 /* LeftMenuViewController.h */ = {isa = PBXFileReference; fileEncoding = 4; lastKnownFileType = sourcecode.c.h; path = LeftMenuViewController.h; sourceTree = "<group>"; };
		0CD6D66619D760C1002A8AC1 /* LeftMenuViewController.m */ = {isa = PBXFileReference; fileEncoding = 4; lastKnownFileType = sourcecode.c.objc; path = LeftMenuViewController.m; sourceTree = "<group>"; };
		0CD6D66919D7642E002A8AC1 /* RECommonFunctions.h */ = {isa = PBXFileReference; fileEncoding = 4; lastKnownFileType = sourcecode.c.h; path = RECommonFunctions.h; sourceTree = "<group>"; };
		0CD6D66A19D7642E002A8AC1 /* RECommonFunctions.m */ = {isa = PBXFileReference; fileEncoding = 4; lastKnownFileType = sourcecode.c.objc; path = RECommonFunctions.m; sourceTree = "<group>"; };
		0CD6D66B19D7642E002A8AC1 /* RESideMenu.h */ = {isa = PBXFileReference; fileEncoding = 4; lastKnownFileType = sourcecode.c.h; path = RESideMenu.h; sourceTree = "<group>"; };
		0CD6D66C19D7642E002A8AC1 /* RESideMenu.m */ = {isa = PBXFileReference; fileEncoding = 4; lastKnownFileType = sourcecode.c.objc; path = RESideMenu.m; sourceTree = "<group>"; };
		0CD6D66D19D7642E002A8AC1 /* UIViewController+RESideMenu.h */ = {isa = PBXFileReference; fileEncoding = 4; lastKnownFileType = sourcecode.c.h; path = "UIViewController+RESideMenu.h"; sourceTree = "<group>"; };
		0CD6D66E19D7642E002A8AC1 /* UIViewController+RESideMenu.m */ = {isa = PBXFileReference; fileEncoding = 4; lastKnownFileType = sourcecode.c.objc; path = "UIViewController+RESideMenu.m"; sourceTree = "<group>"; };
		0CD6D67219D76695002A8AC1 /* UIKit.framework */ = {isa = PBXFileReference; lastKnownFileType = wrapper.framework; name = UIKit.framework; path = System/Library/Frameworks/UIKit.framework; sourceTree = SDKROOT; };
		0CD87F1619CC97AA0038DD4F /* image.jpg */ = {isa = PBXFileReference; lastKnownFileType = image.jpeg; path = image.jpg; sourceTree = "<group>"; };
		0CD87F1919CC99350038DD4F /* LICENSE.txt */ = {isa = PBXFileReference; fileEncoding = 4; lastKnownFileType = text; path = LICENSE.txt; sourceTree = "<group>"; };
		0CD87F1A19CC99350038DD4F /* OpenSans-Bold.ttf */ = {isa = PBXFileReference; lastKnownFileType = file; path = "OpenSans-Bold.ttf"; sourceTree = "<group>"; };
		0CD87F1B19CC99350038DD4F /* OpenSans-BoldItalic.ttf */ = {isa = PBXFileReference; lastKnownFileType = file; path = "OpenSans-BoldItalic.ttf"; sourceTree = "<group>"; };
		0CD87F1C19CC99350038DD4F /* OpenSans-ExtraBold.ttf */ = {isa = PBXFileReference; lastKnownFileType = file; path = "OpenSans-ExtraBold.ttf"; sourceTree = "<group>"; };
		0CD87F1D19CC99350038DD4F /* OpenSans-ExtraBoldItalic.ttf */ = {isa = PBXFileReference; lastKnownFileType = file; path = "OpenSans-ExtraBoldItalic.ttf"; sourceTree = "<group>"; };
		0CD87F1E19CC99350038DD4F /* OpenSans-Italic.ttf */ = {isa = PBXFileReference; lastKnownFileType = file; path = "OpenSans-Italic.ttf"; sourceTree = "<group>"; };
		0CD87F1F19CC99350038DD4F /* OpenSans-Light.ttf */ = {isa = PBXFileReference; lastKnownFileType = file; path = "OpenSans-Light.ttf"; sourceTree = "<group>"; };
		0CD87F2019CC99350038DD4F /* OpenSans-LightItalic.ttf */ = {isa = PBXFileReference; lastKnownFileType = file; path = "OpenSans-LightItalic.ttf"; sourceTree = "<group>"; };
		0CD87F2119CC99350038DD4F /* OpenSans-Regular.ttf */ = {isa = PBXFileReference; lastKnownFileType = file; path = "OpenSans-Regular.ttf"; sourceTree = "<group>"; };
		0CD87F2219CC99350038DD4F /* OpenSans-Semibold.ttf */ = {isa = PBXFileReference; lastKnownFileType = file; path = "OpenSans-Semibold.ttf"; sourceTree = "<group>"; };
		0CD87F2319CC99350038DD4F /* OpenSans-SemiboldItalic.ttf */ = {isa = PBXFileReference; lastKnownFileType = file; path = "OpenSans-SemiboldItalic.ttf"; sourceTree = "<group>"; };
		0CD87F2F19CC9B5C0038DD4F /* MapKit.framework */ = {isa = PBXFileReference; lastKnownFileType = wrapper.framework; name = MapKit.framework; path = System/Library/Frameworks/MapKit.framework; sourceTree = SDKROOT; };
		0CD87F3119CC9B630038DD4F /* CoreLocation.framework */ = {isa = PBXFileReference; lastKnownFileType = wrapper.framework; name = CoreLocation.framework; path = System/Library/Frameworks/CoreLocation.framework; sourceTree = SDKROOT; };
		0CD87F3319CCB4540038DD4F /* MonumentsDetailViewController.h */ = {isa = PBXFileReference; fileEncoding = 4; lastKnownFileType = sourcecode.c.h; path = MonumentsDetailViewController.h; sourceTree = "<group>"; };
		0CD87F3419CCB4540038DD4F /* MonumentsDetailViewController.m */ = {isa = PBXFileReference; fileEncoding = 4; lastKnownFileType = sourcecode.c.objc; path = MonumentsDetailViewController.m; sourceTree = "<group>"; };
		0CF9E66A19D611A3003CED6C /* MonumentAudioViewController.h */ = {isa = PBXFileReference; fileEncoding = 4; lastKnownFileType = sourcecode.c.h; path = MonumentAudioViewController.h; sourceTree = "<group>"; };
		0CF9E66B19D611A3003CED6C /* MonumentAudioViewController.m */ = {isa = PBXFileReference; fileEncoding = 4; lastKnownFileType = sourcecode.c.objc; path = MonumentAudioViewController.m; sourceTree = "<group>"; };
		0CF9E66D19D611CD003CED6C /* MediaPlayer.framework */ = {isa = PBXFileReference; lastKnownFileType = wrapper.framework; name = MediaPlayer.framework; path = System/Library/Frameworks/MediaPlayer.framework; sourceTree = SDKROOT; };
		0CF9E66F19D611D3003CED6C /* AVFoundation.framework */ = {isa = PBXFileReference; lastKnownFileType = wrapper.framework; name = AVFoundation.framework; path = System/Library/Frameworks/AVFoundation.framework; sourceTree = SDKROOT; };
		0CF9E69619D6D812003CED6C /* FTCoreTextStyle.h */ = {isa = PBXFileReference; fileEncoding = 4; lastKnownFileType = sourcecode.c.h; path = FTCoreTextStyle.h; sourceTree = "<group>"; };
		0CF9E69719D6D812003CED6C /* FTCoreTextStyle.m */ = {isa = PBXFileReference; fileEncoding = 4; lastKnownFileType = sourcecode.c.objc; path = FTCoreTextStyle.m; sourceTree = "<group>"; };
		0CF9E69819D6D812003CED6C /* FTCoreTextView.h */ = {isa = PBXFileReference; fileEncoding = 4; lastKnownFileType = sourcecode.c.h; path = FTCoreTextView.h; sourceTree = "<group>"; };
		0CF9E69919D6D812003CED6C /* FTCoreTextView.m */ = {isa = PBXFileReference; fileEncoding = 4; lastKnownFileType = sourcecode.c.objc; path = FTCoreTextView.m; sourceTree = "<group>"; };
		0CF9E69C19D6D916003CED6C /* textAmfiteatre.txt */ = {isa = PBXFileReference; fileEncoding = 4; lastKnownFileType = text; path = textAmfiteatre.txt; sourceTree = "<group>"; };
		0CF9E69E19D6DCE9003CED6C /* CoreText.framework */ = {isa = PBXFileReference; lastKnownFileType = wrapper.framework; name = CoreText.framework; path = System/Library/Frameworks/CoreText.framework; sourceTree = SDKROOT; };
		0CF9E6A219D7087F003CED6C /* horariAmfiteatre.txt */ = {isa = PBXFileReference; fileEncoding = 4; lastKnownFileType = text; path = horariAmfiteatre.txt; sourceTree = "<group>"; };
/* End PBXFileReference section */

/* Begin PBXFrameworksBuildPhase section */
		0C7BDB9C19CC79E1001C2907 /* Frameworks */ = {
			isa = PBXFrameworksBuildPhase;
			buildActionMask = 2147483647;
			files = (
				0CD6D67319D76695002A8AC1 /* UIKit.framework in Frameworks */,
				0CD6D65719D75C14002A8AC1 /* Security.framework in Frameworks */,
				0CD6D65519D75C0A002A8AC1 /* CFNetwork.framework in Frameworks */,
				0C14C24C19D5993D00197D4A /* CoreGraphics.framework in Frameworks */,
				0CF9E69F19D6DCE9003CED6C /* CoreText.framework in Frameworks */,
				0CF9E67019D611D3003CED6C /* AVFoundation.framework in Frameworks */,
				0CF9E66E19D611CD003CED6C /* MediaPlayer.framework in Frameworks */,
				0C14C25119D59DF600197D4A /* Accelerate.framework in Frameworks */,
				0C14C1FA19D4750D00197D4A /* Foundation.framework in Frameworks */,
				0CAE063019CDC4D600CD9CB0 /* QuartzCore.framework in Frameworks */,
				0CAE041E19CDB2F200CD9CB0 /* Social.framework in Frameworks */,
				0CD87F3219CC9B630038DD4F /* CoreLocation.framework in Frameworks */,
				0CD87F3019CC9B5C0038DD4F /* MapKit.framework in Frameworks */,
			);
			runOnlyForDeploymentPostprocessing = 0;
		};
		0C7BDBB519CC79E1001C2907 /* Frameworks */ = {
			isa = PBXFrameworksBuildPhase;
			buildActionMask = 2147483647;
			files = (
			);
			runOnlyForDeploymentPostprocessing = 0;
		};
/* End PBXFrameworksBuildPhase section */

/* Begin PBXGroup section */
		0C14C22D19D598D400197D4A /* MZFormSheetController */ = {
			isa = PBXGroup;
			children = (
				0C14C2A919D5A2E200197D4A /* MZTransition.h */,
				0C14C2AA19D5A2EB00197D4A /* MZTransition.m */,
				0C14C24419D5991300197D4A /* Additional */,
				0C14C22E19D598D400197D4A /* MZFormSheetBackgroundWindow.h */,
				0C14C22F19D598D400197D4A /* MZFormSheetBackgroundWindow.m */,
				0C14C23019D598D400197D4A /* MZFormSheetBackgroundWindowViewController.h */,
				0C14C23119D598D400197D4A /* MZFormSheetBackgroundWindowViewController.m */,
				0C14C23219D598D400197D4A /* MZFormSheetController.h */,
				0C14C23319D598D400197D4A /* MZFormSheetController.m */,
				0C14C23419D598D400197D4A /* MZFormSheetSegue.h */,
				0C14C23519D598D400197D4A /* MZFormSheetSegue.m */,
				0C14C23619D598D400197D4A /* MZMacro.h */,
				0C14C23919D598D400197D4A /* UIImage+Additional.h */,
				0C14C23A19D598D400197D4A /* UIImage+Additional.m */,
				0C14C23B19D598D400197D4A /* UIViewController+TargetViewController.h */,
				0C14C23C19D598D400197D4A /* UIViewController+TargetViewController.m */,
			);
			path = MZFormSheetController;
			sourceTree = "<group>";
		};
		0C14C24419D5991300197D4A /* Additional */ = {
			isa = PBXGroup;
			children = (
				0C14C24519D5991300197D4A /* MZAppearance.h */,
				0C14C24619D5991300197D4A /* MZAppearance.m */,
				0C14C24719D5991300197D4A /* NSInvocation+Copy.h */,
				0C14C24819D5991300197D4A /* NSInvocation+Copy.m */,
			);
			path = Additional;
			sourceTree = "<group>";
		};
		0C7BDB9619CC79E1001C2907 = {
			isa = PBXGroup;
			children = (
				0CD6D67219D76695002A8AC1 /* UIKit.framework */,
				0CD6D65619D75C14002A8AC1 /* Security.framework */,
				0CD6D65419D75C0A002A8AC1 /* CFNetwork.framework */,
				0CF9E69E19D6DCE9003CED6C /* CoreText.framework */,
				0CF9E66F19D611D3003CED6C /* AVFoundation.framework */,
				0CF9E66D19D611CD003CED6C /* MediaPlayer.framework */,
				0C14C25019D59DF600197D4A /* Accelerate.framework */,
				0C14C24B19D5993D00197D4A /* CoreGraphics.framework */,
				0C14C1F919D4750D00197D4A /* Foundation.framework */,
				0CAE062F19CDC4D600CD9CB0 /* QuartzCore.framework */,
				0CAE041D19CDB2F200CD9CB0 /* Social.framework */,
				0CD87F3119CC9B630038DD4F /* CoreLocation.framework */,
				0CD87F2F19CC9B5C0038DD4F /* MapKit.framework */,
				0C7BDBA119CC79E1001C2907 /* Tarracopass */,
				0C7BDBBB19CC79E1001C2907 /* TarracopassTests */,
				0C7BDBA019CC79E1001C2907 /* Products */,
			);
			sourceTree = "<group>";
		};
		0C7BDBA019CC79E1001C2907 /* Products */ = {
			isa = PBXGroup;
			children = (
				0C7BDB9F19CC79E1001C2907 /* Tarracopass.app */,
				0C7BDBB819CC79E1001C2907 /* TarracopassTests.xctest */,
			);
			name = Products;
			sourceTree = "<group>";
		};
		0C7BDBA119CC79E1001C2907 /* Tarracopass */ = {
			isa = PBXGroup;
			children = (
				0CD6D66819D7642E002A8AC1 /* RESideMenu */,
				0CD6D61619D75BBF002A8AC1 /* FSImageViewer */,
				0CF9E69519D6D812003CED6C /* FTCoreText */,
				0C14C22D19D598D400197D4A /* MZFormSheetController */,
				0CAE08EB19D0D4E400CD9CB0 /* SVProgressHUD */,
				0CAE040A19CCC93000CD9CB0 /* ParallaxBlur */,
				0CD87F1819CC99350038DD4F /* Open_Sans */,
				0C7BDBA619CC79E1001C2907 /* AppDelegate.h */,
				0C7BDBA719CC79E1001C2907 /* AppDelegate.m */,
				0C7BDBA919CC79E1001C2907 /* ViewController.h */,
				0C7BDBAA19CC79E1001C2907 /* ViewController.m */,
				0C7BDBAC19CC79E1001C2907 /* Main.storyboard */,
				0CD6D66219D7607E002A8AC1 /* RootViewController.h */,
				0CD6D66319D7607E002A8AC1 /* RootViewController.m */,
				0CD6D66519D760C1002A8AC1 /* LeftMenuViewController.h */,
				0CD6D66619D760C1002A8AC1 /* LeftMenuViewController.m */,
				0C7BDBDF19CC84EE001C2907 /* MonumentsTableViewController.h */,
				0C7BDBE019CC84EE001C2907 /* MonumentsTableViewController.m */,
				0CD87F3319CCB4540038DD4F /* MonumentsDetailViewController.h */,
				0CD87F3419CCB4540038DD4F /* MonumentsDetailViewController.m */,
				0CAE077719D09E3B00CD9CB0 /* MonumentsMapViewController.h */,
				0CAE077819D09E3B00CD9CB0 /* MonumentsMapViewController.m */,
				0C14C2AC19D5A3D600197D4A /* MonumentsTimeTableViewController.h */,
				0C14C2AD19D5A3D600197D4A /* MonumentsTimeTableViewController.m */,
				0CF9E6A219D7087F003CED6C /* horariAmfiteatre.txt */,
				0CF9E69C19D6D916003CED6C /* textAmfiteatre.txt */,
				0CF9E66A19D611A3003CED6C /* MonumentAudioViewController.h */,
				0CF9E66B19D611A3003CED6C /* MonumentAudioViewController.m */,
				0CAE08F819D1BA2200CD9CB0 /* TransportViewController.h */,
				0CAE08F919D1BA2200CD9CB0 /* TransportViewController.m */,
				0CAE08F219D1B98800CD9CB0 /* TransportDetailViewController.h */,
				0CAE08F319D1B98800CD9CB0 /* TransportDetailViewController.m */,
				0CAE08F419D1B98800CD9CB0 /* TransportPoint.h */,
				0CAE08F519D1B98800CD9CB0 /* TransportPoint.m */,
				0C14C1EF19D3512400197D4A /* TempsTableViewController.h */,
				0C14C1F019D3512400197D4A /* TempsTableViewController.m */,
				0C7BDBE619CC8655001C2907 /* Monuments.plist */,
				0CD87F1619CC97AA0038DD4F /* image.jpg */,
				0CAE077119D09BCA00CD9CB0 /* Icons.xcassets */,
				0C7BDBAF19CC79E1001C2907 /* Images.xcassets */,
				0C7BDBB119CC79E1001C2907 /* LaunchScreen.xib */,
				0C7BDBA219CC79E1001C2907 /* Supporting Files */,
			);
			path = Tarracopass;
			sourceTree = "<group>";
		};
		0C7BDBA219CC79E1001C2907 /* Supporting Files */ = {
			isa = PBXGroup;
			children = (
				0C7BDBA319CC79E1001C2907 /* Info.plist */,
				0C7BDBA419CC79E1001C2907 /* main.m */,
			);
			name = "Supporting Files";
			sourceTree = "<group>";
		};
		0C7BDBBB19CC79E1001C2907 /* TarracopassTests */ = {
			isa = PBXGroup;
			children = (
				0C7BDBBE19CC79E1001C2907 /* TarracopassTests.m */,
				0C7BDBBC19CC79E1001C2907 /* Supporting Files */,
			);
			path = TarracopassTests;
			sourceTree = "<group>";
		};
		0C7BDBBC19CC79E1001C2907 /* Supporting Files */ = {
			isa = PBXGroup;
			children = (
				0C7BDBBD19CC79E1001C2907 /* Info.plist */,
			);
			name = "Supporting Files";
			sourceTree = "<group>";
		};
		0CAE040A19CCC93000CD9CB0 /* ParallaxBlur */ = {
			isa = PBXGroup;
			children = (
				0CAE041A19CCE16100CD9CB0 /* JPBParallaxTableViewController.h */,
				0CAE041B19CCE16100CD9CB0 /* JPBParallaxTableViewController.m */,
				0CAE041619CCC99500CD9CB0 /* FXBlurView */,
				0CAE040C19CCC93000CD9CB0 /* JPBFloatingTextViewController.h */,
				0CAE040D19CCC93000CD9CB0 /* JPBFloatingTextViewController.m */,
				0CAE040E19CCC93000CD9CB0 /* JPBParallaxBlurViewController.h */,
				0CAE040F19CCC93000CD9CB0 /* JPBParallaxBlurViewController.m */,
			);
			name = ParallaxBlur;
			path = Classes;
			sourceTree = "<group>";
		};
		0CAE041619CCC99500CD9CB0 /* FXBlurView */ = {
			isa = PBXGroup;
			children = (
				0CAE041719CCC99500CD9CB0 /* FXBlurView.h */,
				0CAE041819CCC99500CD9CB0 /* FXBlurView.m */,
			);
			path = FXBlurView;
			sourceTree = "<group>";
		};
		0CAE08EB19D0D4E400CD9CB0 /* SVProgressHUD */ = {
			isa = PBXGroup;
			children = (
				0CAE08EC19D0D4E400CD9CB0 /* SVProgressHUD-Prefix.pch */,
				0CAE08ED19D0D4E400CD9CB0 /* SVProgressHUD.bundle */,
				0CAE08EE19D0D4E400CD9CB0 /* SVProgressHUD.h */,
				0CAE08EF19D0D4E400CD9CB0 /* SVProgressHUD.m */,
			);
			path = SVProgressHUD;
			sourceTree = "<group>";
		};
		0CD6D61619D75BBF002A8AC1 /* FSImageViewer */ = {
			isa = PBXGroup;
			children = (
				0CD6D61719D75BBF002A8AC1 /* AFNetworking */,
				0CD6D62B19D75BBF002A8AC1 /* EGOCache.h */,
				0CD6D62C19D75BBF002A8AC1 /* EGOCache.m */,
				0CD6D62D19D75BBF002A8AC1 /* FSBasicImage.h */,
				0CD6D62E19D75BBF002A8AC1 /* FSBasicImage.m */,
				0CD6D62F19D75BBF002A8AC1 /* FSBasicImageSource.h */,
				0CD6D63019D75BBF002A8AC1 /* FSBasicImageSource.m */,
				0CD6D63119D75BBF002A8AC1 /* FSImage.h */,
				0CD6D63219D75BBF002A8AC1 /* FSImageLoader.h */,
				0CD6D63319D75BBF002A8AC1 /* FSImageLoader.m */,
				0CD6D63419D75BBF002A8AC1 /* FSImageScrollView.h */,
				0CD6D63519D75BBF002A8AC1 /* FSImageScrollView.m */,
				0CD6D63619D75BBF002A8AC1 /* FSImageSource.h */,
				0CD6D63719D75BBF002A8AC1 /* FSImageTitleView.h */,
				0CD6D63819D75BBF002A8AC1 /* FSImageTitleView.m */,
				0CD6D63919D75BBF002A8AC1 /* FSImageView.h */,
				0CD6D63A19D75BBF002A8AC1 /* FSImageView.m */,
				0CD6D63B19D75BBF002A8AC1 /* FSImageViewer-Prefix.pch */,
				0CD6D63C19D75BBF002A8AC1 /* FSImageViewer.h */,
				0CD6D63D19D75BBF002A8AC1 /* FSImageViewerViewController.h */,
				0CD6D63E19D75BBF002A8AC1 /* FSImageViewerViewController.m */,
				0CD6D63F19D75BBF002A8AC1 /* FSPlaceholderImages.h */,
				0CD6D64019D75BBF002A8AC1 /* FSPlaceholderImages.m */,
				0CD6D64119D75BBF002A8AC1 /* FSTitleView.h */,
			);
			path = FSImageViewer;
			sourceTree = "<group>";
		};
		0CD6D61719D75BBF002A8AC1 /* AFNetworking */ = {
			isa = PBXGroup;
			children = (
				0CD6D61819D75BBF002A8AC1 /* AFHTTPRequestOperation.h */,
				0CD6D61919D75BBF002A8AC1 /* AFHTTPRequestOperation.m */,
				0CD6D61A19D75BBF002A8AC1 /* AFHTTPRequestOperationManager.h */,
				0CD6D61B19D75BBF002A8AC1 /* AFHTTPRequestOperationManager.m */,
				0CD6D61C19D75BBF002A8AC1 /* AFHTTPSessionManager.h */,
				0CD6D61D19D75BBF002A8AC1 /* AFHTTPSessionManager.m */,
				0CD6D61E19D75BBF002A8AC1 /* AFNetworking.h */,
				0CD6D61F19D75BBF002A8AC1 /* AFNetworkReachabilityManager.h */,
				0CD6D62019D75BBF002A8AC1 /* AFNetworkReachabilityManager.m */,
				0CD6D62119D75BBF002A8AC1 /* AFSecurityPolicy.h */,
				0CD6D62219D75BBF002A8AC1 /* AFSecurityPolicy.m */,
				0CD6D62319D75BBF002A8AC1 /* AFURLConnectionOperation.h */,
				0CD6D62419D75BBF002A8AC1 /* AFURLConnectionOperation.m */,
				0CD6D62519D75BBF002A8AC1 /* AFURLRequestSerialization.h */,
				0CD6D62619D75BBF002A8AC1 /* AFURLRequestSerialization.m */,
				0CD6D62719D75BBF002A8AC1 /* AFURLResponseSerialization.h */,
				0CD6D62819D75BBF002A8AC1 /* AFURLResponseSerialization.m */,
				0CD6D62919D75BBF002A8AC1 /* AFURLSessionManager.h */,
				0CD6D62A19D75BBF002A8AC1 /* AFURLSessionManager.m */,
			);
			path = AFNetworking;
			sourceTree = "<group>";
		};
		0CD6D66819D7642E002A8AC1 /* RESideMenu */ = {
			isa = PBXGroup;
			children = (
				0CD6D66919D7642E002A8AC1 /* RECommonFunctions.h */,
				0CD6D66A19D7642E002A8AC1 /* RECommonFunctions.m */,
				0CD6D66B19D7642E002A8AC1 /* RESideMenu.h */,
				0CD6D66C19D7642E002A8AC1 /* RESideMenu.m */,
				0CD6D66D19D7642E002A8AC1 /* UIViewController+RESideMenu.h */,
				0CD6D66E19D7642E002A8AC1 /* UIViewController+RESideMenu.m */,
			);
			path = RESideMenu;
			sourceTree = "<group>";
		};
		0CD87F1819CC99350038DD4F /* Open_Sans */ = {
			isa = PBXGroup;
			children = (
				0CD87F1919CC99350038DD4F /* LICENSE.txt */,
				0CD87F1A19CC99350038DD4F /* OpenSans-Bold.ttf */,
				0CD87F1B19CC99350038DD4F /* OpenSans-BoldItalic.ttf */,
				0CD87F1C19CC99350038DD4F /* OpenSans-ExtraBold.ttf */,
				0CD87F1D19CC99350038DD4F /* OpenSans-ExtraBoldItalic.ttf */,
				0CD87F1E19CC99350038DD4F /* OpenSans-Italic.ttf */,
				0CD87F1F19CC99350038DD4F /* OpenSans-Light.ttf */,
				0CD87F2019CC99350038DD4F /* OpenSans-LightItalic.ttf */,
				0CD87F2119CC99350038DD4F /* OpenSans-Regular.ttf */,
				0CD87F2219CC99350038DD4F /* OpenSans-Semibold.ttf */,
				0CD87F2319CC99350038DD4F /* OpenSans-SemiboldItalic.ttf */,
			);
			path = Open_Sans;
			sourceTree = "<group>";
		};
		0CF9E69519D6D812003CED6C /* FTCoreText */ = {
			isa = PBXGroup;
			children = (
				0CF9E69619D6D812003CED6C /* FTCoreTextStyle.h */,
				0CF9E69719D6D812003CED6C /* FTCoreTextStyle.m */,
				0CF9E69819D6D812003CED6C /* FTCoreTextView.h */,
				0CF9E69919D6D812003CED6C /* FTCoreTextView.m */,
			);
			path = FTCoreText;
			sourceTree = "<group>";
		};
/* End PBXGroup section */

/* Begin PBXNativeTarget section */
		0C7BDB9E19CC79E1001C2907 /* Tarracopass */ = {
			isa = PBXNativeTarget;
			buildConfigurationList = 0C7BDBC219CC79E1001C2907 /* Build configuration list for PBXNativeTarget "Tarracopass" */;
			buildPhases = (
				0C7BDB9B19CC79E1001C2907 /* Sources */,
				0C7BDB9C19CC79E1001C2907 /* Frameworks */,
				0C7BDB9D19CC79E1001C2907 /* Resources */,
			);
			buildRules = (
			);
			dependencies = (
			);
			name = Tarracopass;
			productName = Tarracopass;
			productReference = 0C7BDB9F19CC79E1001C2907 /* Tarracopass.app */;
			productType = "com.apple.product-type.application";
		};
		0C7BDBB719CC79E1001C2907 /* TarracopassTests */ = {
			isa = PBXNativeTarget;
			buildConfigurationList = 0C7BDBC519CC79E1001C2907 /* Build configuration list for PBXNativeTarget "TarracopassTests" */;
			buildPhases = (
				0C7BDBB419CC79E1001C2907 /* Sources */,
				0C7BDBB519CC79E1001C2907 /* Frameworks */,
				0C7BDBB619CC79E1001C2907 /* Resources */,
			);
			buildRules = (
			);
			dependencies = (
				0C7BDBBA19CC79E1001C2907 /* PBXTargetDependency */,
			);
			name = TarracopassTests;
			productName = TarracopassTests;
			productReference = 0C7BDBB819CC79E1001C2907 /* TarracopassTests.xctest */;
			productType = "com.apple.product-type.bundle.unit-test";
		};
/* End PBXNativeTarget section */

/* Begin PBXProject section */
		0C7BDB9719CC79E1001C2907 /* Project object */ = {
			isa = PBXProject;
			attributes = {
				LastUpgradeCheck = 0600;
				ORGANIZATIONNAME = "Oscar Blanco Castan";
				TargetAttributes = {
					0C7BDB9E19CC79E1001C2907 = {
						CreatedOnToolsVersion = 6.0.1;
						DevelopmentTeam = M4ZHASG8VS;
					};
					0C7BDBB719CC79E1001C2907 = {
						CreatedOnToolsVersion = 6.0.1;
						TestTargetID = 0C7BDB9E19CC79E1001C2907;
					};
				};
			};
			buildConfigurationList = 0C7BDB9A19CC79E1001C2907 /* Build configuration list for PBXProject "Tarracopass" */;
			compatibilityVersion = "Xcode 3.2";
			developmentRegion = English;
			hasScannedForEncodings = 0;
			knownRegions = (
				en,
				Base,
			);
			mainGroup = 0C7BDB9619CC79E1001C2907;
			productRefGroup = 0C7BDBA019CC79E1001C2907 /* Products */;
			projectDirPath = "";
			projectRoot = "";
			targets = (
				0C7BDB9E19CC79E1001C2907 /* Tarracopass */,
				0C7BDBB719CC79E1001C2907 /* TarracopassTests */,
			);
		};
/* End PBXProject section */

/* Begin PBXResourcesBuildPhase section */
		0C7BDB9D19CC79E1001C2907 /* Resources */ = {
			isa = PBXResourcesBuildPhase;
			buildActionMask = 2147483647;
			files = (
				0CD87F2E19CC99350038DD4F /* OpenSans-SemiboldItalic.ttf in Resources */,
				0CAE08F019D0D4E400CD9CB0 /* SVProgressHUD.bundle in Resources */,
				0CD87F2419CC99350038DD4F /* LICENSE.txt in Resources */,
				0CD87F2919CC99350038DD4F /* OpenSans-Italic.ttf in Resources */,
				0CD87F2519CC99350038DD4F /* OpenSans-Bold.ttf in Resources */,
				0CD87F2719CC99350038DD4F /* OpenSans-ExtraBold.ttf in Resources */,
				0C7BDBAE19CC79E1001C2907 /* Main.storyboard in Resources */,
				0C7BDBB319CC79E1001C2907 /* LaunchScreen.xib in Resources */,
				0CD87F2A19CC99350038DD4F /* OpenSans-Light.ttf in Resources */,
				0C7BDBB019CC79E1001C2907 /* Images.xcassets in Resources */,
				0CF9E69D19D6D916003CED6C /* textAmfiteatre.txt in Resources */,
				0CF9E6A419D7087F003CED6C /* horariAmfiteatre.txt in Resources */,
				0C7BDBE719CC8655001C2907 /* Monuments.plist in Resources */,
				0CD87F2D19CC99350038DD4F /* OpenSans-Semibold.ttf in Resources */,
				0CD87F2819CC99350038DD4F /* OpenSans-ExtraBoldItalic.ttf in Resources */,
				0CAE077219D09BCA00CD9CB0 /* Icons.xcassets in Resources */,
				0CD87F2C19CC99350038DD4F /* OpenSans-Regular.ttf in Resources */,
				0CD87F2619CC99350038DD4F /* OpenSans-BoldItalic.ttf in Resources */,
				0CD87F2B19CC99350038DD4F /* OpenSans-LightItalic.ttf in Resources */,
				0CD87F1719CC97AA0038DD4F /* image.jpg in Resources */,
			);
			runOnlyForDeploymentPostprocessing = 0;
		};
		0C7BDBB619CC79E1001C2907 /* Resources */ = {
			isa = PBXResourcesBuildPhase;
			buildActionMask = 2147483647;
			files = (
			);
			runOnlyForDeploymentPostprocessing = 0;
		};
/* End PBXResourcesBuildPhase section */

/* Begin PBXSourcesBuildPhase section */
		0C7BDB9B19CC79E1001C2907 /* Sources */ = {
			isa = PBXSourcesBuildPhase;
			buildActionMask = 2147483647;
			files = (
				0CAE041319CCC93000CD9CB0 /* JPBFloatingTextViewController.m in Sources */,
				0C7BDBAB19CC79E1001C2907 /* ViewController.m in Sources */,
				0CD6D64319D75BBF002A8AC1 /* AFHTTPRequestOperationManager.m in Sources */,
				0CAE08F719D1B98800CD9CB0 /* TransportPoint.m in Sources */,
				0CAE08F119D0D4E400CD9CB0 /* SVProgressHUD.m in Sources */,
				0C14C23D19D598D400197D4A /* MZFormSheetBackgroundWindow.m in Sources */,
				0CD6D64D19D75BBF002A8AC1 /* FSBasicImageSource.m in Sources */,
				0C14C24019D598D400197D4A /* MZFormSheetSegue.m in Sources */,
				0CAE041419CCC93000CD9CB0 /* JPBParallaxBlurViewController.m in Sources */,
				0CD6D64A19D75BBF002A8AC1 /* AFURLSessionManager.m in Sources */,
				0C14C24319D598D400197D4A /* UIViewController+TargetViewController.m in Sources */,
				0CD6D64419D75BBF002A8AC1 /* AFHTTPSessionManager.m in Sources */,
				0CD6D66419D7607E002A8AC1 /* RootViewController.m in Sources */,
				0CD6D64919D75BBF002A8AC1 /* AFURLResponseSerialization.m in Sources */,
				0CD6D64219D75BBF002A8AC1 /* AFHTTPRequestOperation.m in Sources */,
				0CF9E66C19D611A3003CED6C /* MonumentAudioViewController.m in Sources */,
				0CD6D64819D75BBF002A8AC1 /* AFURLRequestSerialization.m in Sources */,
				0C7BDBA819CC79E1001C2907 /* AppDelegate.m in Sources */,
				0CD6D67019D7642E002A8AC1 /* RESideMenu.m in Sources */,
				0C14C1F119D3512400197D4A /* TempsTableViewController.m in Sources */,
				0C14C23F19D598D400197D4A /* MZFormSheetController.m in Sources */,
				0C14C23E19D598D400197D4A /* MZFormSheetBackgroundWindowViewController.m in Sources */,
				0C14C24919D5991300197D4A /* MZAppearance.m in Sources */,
				0CAE08F619D1B98800CD9CB0 /* TransportDetailViewController.m in Sources */,
				0CD6D64F19D75BBF002A8AC1 /* FSImageScrollView.m in Sources */,
				0CD6D65119D75BBF002A8AC1 /* FSImageView.m in Sources */,
				0CD6D64C19D75BBF002A8AC1 /* FSBasicImage.m in Sources */,
				0C7BDBE119CC84EE001C2907 /* MonumentsTableViewController.m in Sources */,
				0CAE08FA19D1BA2200CD9CB0 /* TransportViewController.m in Sources */,
				0C14C2AE19D5A3D600197D4A /* MonumentsTimeTableViewController.m in Sources */,
				0CD87F3519CCB4540038DD4F /* MonumentsDetailViewController.m in Sources */,
				0CD6D64519D75BBF002A8AC1 /* AFNetworkReachabilityManager.m in Sources */,
				0CF9E69A19D6D812003CED6C /* FTCoreTextStyle.m in Sources */,
				0CD6D65219D75BBF002A8AC1 /* FSImageViewerViewController.m in Sources */,
				0CD6D65319D75BBF002A8AC1 /* FSPlaceholderImages.m in Sources */,
				0CD6D66F19D7642E002A8AC1 /* RECommonFunctions.m in Sources */,
				0C14C2AB19D5A2EB00197D4A /* MZTransition.m in Sources */,
				0C7BDBA519CC79E1001C2907 /* main.m in Sources */,
				0CD6D65019D75BBF002A8AC1 /* FSImageTitleView.m in Sources */,
				0CD6D64719D75BBF002A8AC1 /* AFURLConnectionOperation.m in Sources */,
				0C14C24219D598D400197D4A /* UIImage+Additional.m in Sources */,
				0CAE077919D09E3B00CD9CB0 /* MonumentsMapViewController.m in Sources */,
				0CAE041C19CCE16100CD9CB0 /* JPBParallaxTableViewController.m in Sources */,
				0CD6D64E19D75BBF002A8AC1 /* FSImageLoader.m in Sources */,
				0CAE041919CCC99500CD9CB0 /* FXBlurView.m in Sources */,
				0CD6D66719D760C1002A8AC1 /* LeftMenuViewController.m in Sources */,
				0CD6D64B19D75BBF002A8AC1 /* EGOCache.m in Sources */,
				0CF9E69B19D6D812003CED6C /* FTCoreTextView.m in Sources */,
				0CD6D64619D75BBF002A8AC1 /* AFSecurityPolicy.m in Sources */,
				0C14C24A19D5991300197D4A /* NSInvocation+Copy.m in Sources */,
				0CD6D67119D7642E002A8AC1 /* UIViewController+RESideMenu.m in Sources */,
			);
			runOnlyForDeploymentPostprocessing = 0;
		};
		0C7BDBB419CC79E1001C2907 /* Sources */ = {
			isa = PBXSourcesBuildPhase;
			buildActionMask = 2147483647;
			files = (
				0C7BDBBF19CC79E1001C2907 /* TarracopassTests.m in Sources */,
			);
			runOnlyForDeploymentPostprocessing = 0;
		};
/* End PBXSourcesBuildPhase section */

/* Begin PBXTargetDependency section */
		0C7BDBBA19CC79E1001C2907 /* PBXTargetDependency */ = {
			isa = PBXTargetDependency;
			target = 0C7BDB9E19CC79E1001C2907 /* Tarracopass */;
			targetProxy = 0C7BDBB919CC79E1001C2907 /* PBXContainerItemProxy */;
		};
/* End PBXTargetDependency section */

/* Begin PBXVariantGroup section */
		0C7BDBAC19CC79E1001C2907 /* Main.storyboard */ = {
			isa = PBXVariantGroup;
			children = (
				0C7BDBAD19CC79E1001C2907 /* Base */,
			);
			name = Main.storyboard;
			sourceTree = "<group>";
		};
		0C7BDBB119CC79E1001C2907 /* LaunchScreen.xib */ = {
			isa = PBXVariantGroup;
			children = (
				0C7BDBB219CC79E1001C2907 /* Base */,
			);
			name = LaunchScreen.xib;
			sourceTree = "<group>";
		};
/* End PBXVariantGroup section */

/* Begin XCBuildConfiguration section */
		0C7BDBC019CC79E1001C2907 /* Debug */ = {
			isa = XCBuildConfiguration;
			buildSettings = {
				ALWAYS_SEARCH_USER_PATHS = NO;
				CLANG_CXX_LANGUAGE_STANDARD = "gnu++0x";
				CLANG_CXX_LIBRARY = "libc++";
				CLANG_ENABLE_MODULES = YES;
				CLANG_ENABLE_OBJC_ARC = YES;
				CLANG_WARN_BOOL_CONVERSION = YES;
				CLANG_WARN_CONSTANT_CONVERSION = YES;
				CLANG_WARN_DIRECT_OBJC_ISA_USAGE = YES_ERROR;
				CLANG_WARN_EMPTY_BODY = YES;
				CLANG_WARN_ENUM_CONVERSION = YES;
				CLANG_WARN_INT_CONVERSION = YES;
				CLANG_WARN_OBJC_ROOT_CLASS = YES_ERROR;
				CLANG_WARN_UNREACHABLE_CODE = YES;
				CLANG_WARN__DUPLICATE_METHOD_MATCH = YES;
				"CODE_SIGN_IDENTITY[sdk=iphoneos*]" = "iPhone Developer";
				COPY_PHASE_STRIP = NO;
				ENABLE_STRICT_OBJC_MSGSEND = YES;
				GCC_C_LANGUAGE_STANDARD = gnu99;
				GCC_DYNAMIC_NO_PIC = NO;
				GCC_OPTIMIZATION_LEVEL = 0;
				GCC_PREPROCESSOR_DEFINITIONS = (
					"DEBUG=1",
					"$(inherited)",
				);
				GCC_SYMBOLS_PRIVATE_EXTERN = NO;
				GCC_WARN_64_TO_32_BIT_CONVERSION = YES;
				GCC_WARN_ABOUT_RETURN_TYPE = YES_ERROR;
				GCC_WARN_UNDECLARED_SELECTOR = YES;
				GCC_WARN_UNINITIALIZED_AUTOS = YES_AGGRESSIVE;
				GCC_WARN_UNUSED_FUNCTION = YES;
				GCC_WARN_UNUSED_VARIABLE = YES;
				IPHONEOS_DEPLOYMENT_TARGET = 8.0;
				MTL_ENABLE_DEBUG_INFO = YES;
				ONLY_ACTIVE_ARCH = YES;
				SDKROOT = iphoneos;
				TARGETED_DEVICE_FAMILY = "1,2";
			};
			name = Debug;
		};
		0C7BDBC119CC79E1001C2907 /* Release */ = {
			isa = XCBuildConfiguration;
			buildSettings = {
				ALWAYS_SEARCH_USER_PATHS = NO;
				CLANG_CXX_LANGUAGE_STANDARD = "gnu++0x";
				CLANG_CXX_LIBRARY = "libc++";
				CLANG_ENABLE_MODULES = YES;
				CLANG_ENABLE_OBJC_ARC = YES;
				CLANG_WARN_BOOL_CONVERSION = YES;
				CLANG_WARN_CONSTANT_CONVERSION = YES;
				CLANG_WARN_DIRECT_OBJC_ISA_USAGE = YES_ERROR;
				CLANG_WARN_EMPTY_BODY = YES;
				CLANG_WARN_ENUM_CONVERSION = YES;
				CLANG_WARN_INT_CONVERSION = YES;
				CLANG_WARN_OBJC_ROOT_CLASS = YES_ERROR;
				CLANG_WARN_UNREACHABLE_CODE = YES;
				CLANG_WARN__DUPLICATE_METHOD_MATCH = YES;
				"CODE_SIGN_IDENTITY[sdk=iphoneos*]" = "iPhone Developer";
				COPY_PHASE_STRIP = YES;
				ENABLE_NS_ASSERTIONS = NO;
				ENABLE_STRICT_OBJC_MSGSEND = YES;
				GCC_C_LANGUAGE_STANDARD = gnu99;
				GCC_WARN_64_TO_32_BIT_CONVERSION = YES;
				GCC_WARN_ABOUT_RETURN_TYPE = YES_ERROR;
				GCC_WARN_UNDECLARED_SELECTOR = YES;
				GCC_WARN_UNINITIALIZED_AUTOS = YES_AGGRESSIVE;
				GCC_WARN_UNUSED_FUNCTION = YES;
				GCC_WARN_UNUSED_VARIABLE = YES;
				IPHONEOS_DEPLOYMENT_TARGET = 8.0;
				MTL_ENABLE_DEBUG_INFO = NO;
				SDKROOT = iphoneos;
				TARGETED_DEVICE_FAMILY = "1,2";
				VALIDATE_PRODUCT = YES;
			};
			name = Release;
		};
		0C7BDBC319CC79E1001C2907 /* Debug */ = {
			isa = XCBuildConfiguration;
			buildSettings = {
				ALWAYS_SEARCH_USER_PATHS = NO;
				ASSETCATALOG_COMPILER_APPICON_NAME = AppIcon;
				CODE_SIGN_IDENTITY = "iPhone Developer";
				INFOPLIST_FILE = Tarracopass/Info.plist;
				IPHONEOS_DEPLOYMENT_TARGET = 8.0;
				LD_RUNPATH_SEARCH_PATHS = "$(inherited) @executable_path/Frameworks";
				PRODUCT_NAME = "$(TARGET_NAME)";
				USER_HEADER_SEARCH_PATHS = "";
			};
			name = Debug;
		};
		0C7BDBC419CC79E1001C2907 /* Release */ = {
			isa = XCBuildConfiguration;
			buildSettings = {
				ALWAYS_SEARCH_USER_PATHS = NO;
				ASSETCATALOG_COMPILER_APPICON_NAME = AppIcon;
				CODE_SIGN_IDENTITY = "iPhone Developer";
				INFOPLIST_FILE = Tarracopass/Info.plist;
				IPHONEOS_DEPLOYMENT_TARGET = 8.0;
				LD_RUNPATH_SEARCH_PATHS = "$(inherited) @executable_path/Frameworks";
				PRODUCT_NAME = "$(TARGET_NAME)";
				USER_HEADER_SEARCH_PATHS = "";
			};
			name = Release;
		};
		0C7BDBC619CC79E1001C2907 /* Debug */ = {
			isa = XCBuildConfiguration;
			buildSettings = {
				BUNDLE_LOADER = "$(TEST_HOST)";
				FRAMEWORK_SEARCH_PATHS = (
					"$(SDKROOT)/Developer/Library/Frameworks",
					"$(inherited)",
				);
				GCC_PREPROCESSOR_DEFINITIONS = (
					"DEBUG=1",
					"$(inherited)",
				);
				INFOPLIST_FILE = TarracopassTests/Info.plist;
				LD_RUNPATH_SEARCH_PATHS = "$(inherited) @executable_path/Frameworks @loader_path/Frameworks";
				PRODUCT_NAME = "$(TARGET_NAME)";
				TEST_HOST = "$(BUILT_PRODUCTS_DIR)/Tarracopass.app/Tarracopass";
			};
			name = Debug;
		};
		0C7BDBC719CC79E1001C2907 /* Release */ = {
			isa = XCBuildConfiguration;
			buildSettings = {
				BUNDLE_LOADER = "$(TEST_HOST)";
				FRAMEWORK_SEARCH_PATHS = (
					"$(SDKROOT)/Developer/Library/Frameworks",
					"$(inherited)",
				);
				INFOPLIST_FILE = TarracopassTests/Info.plist;
				LD_RUNPATH_SEARCH_PATHS = "$(inherited) @executable_path/Frameworks @loader_path/Frameworks";
				PRODUCT_NAME = "$(TARGET_NAME)";
				TEST_HOST = "$(BUILT_PRODUCTS_DIR)/Tarracopass.app/Tarracopass";
			};
			name = Release;
		};
/* End XCBuildConfiguration section */

/* Begin XCConfigurationList section */
		0C7BDB9A19CC79E1001C2907 /* Build configuration list for PBXProject "Tarracopass" */ = {
			isa = XCConfigurationList;
			buildConfigurations = (
				0C7BDBC019CC79E1001C2907 /* Debug */,
				0C7BDBC119CC79E1001C2907 /* Release */,
			);
			defaultConfigurationIsVisible = 0;
			defaultConfigurationName = Release;
		};
		0C7BDBC219CC79E1001C2907 /* Build configuration list for PBXNativeTarget "Tarracopass" */ = {
			isa = XCConfigurationList;
			buildConfigurations = (
				0C7BDBC319CC79E1001C2907 /* Debug */,
				0C7BDBC419CC79E1001C2907 /* Release */,
			);
			defaultConfigurationIsVisible = 0;
			defaultConfigurationName = Release;
		};
		0C7BDBC519CC79E1001C2907 /* Build configuration list for PBXNativeTarget "TarracopassTests" */ = {
			isa = XCConfigurationList;
			buildConfigurations = (
				0C7BDBC619CC79E1001C2907 /* Debug */,
				0C7BDBC719CC79E1001C2907 /* Release */,
			);
			defaultConfigurationIsVisible = 0;
			defaultConfigurationName = Release;
		};
/* End XCConfigurationList section */
	};
	rootObject = 0C7BDB9719CC79E1001C2907 /* Project object */;
}
